Microsoft Visual Studio Solution File, Format Version 12.00
# Visual Studio 2012
Project("{FAE04EC0-301F-11D3-BF4B-00C04F79EFBC}") = "Specific", "src\Specific\Specific.csproj", "{801B8E1A-C124-4A69-A45B-F2DFC6931B10}"
EndProject
Project("{FAE04EC0-301F-11D3-BF4B-00C04F79EFBC}") = "Specific.Tests", "tests\Specific.Tests\Specific.Tests.csproj", "{C4C93363-60E2-45D0-B956-6AC35424D2C3}"
EndProject
Project("{2150E333-8FDC-42A3-9474-1A3956D46DE8}") = "Git", "Git", "{57441D9A-5F92-4DB0-B008-D5CAB5035333}"
	ProjectSection(SolutionItems) = preProject
		.gitattributes = .gitattributes
		.gitignore = .gitignore
	EndProjectSection
EndProject
Project("{2150E333-8FDC-42A3-9474-1A3956D46DE8}") = "Tests", "Tests", "{9495AA94-848F-4AFD-96E9-7A72BA5B1E31}"
Project("{2150E333-8FDC-42A3-9474-1A3956D46DE8}") = "Meta", "Meta", "{DEFB2A12-2B79-4776-AD85-D6545CFA93FB}"
	ProjectSection(SolutionItems) = preProject
		LICENSE.txt = LICENSE.txt
	EndProjectSection
EndProject
Global
	GlobalSection(SolutionConfigurationPlatforms) = preSolution
		Debug|Any CPU = Debug|Any CPU
		Release|Any CPU = Release|Any CPU
	EndGlobalSection
	GlobalSection(ProjectConfigurationPlatforms) = postSolution
		{801B8E1A-C124-4A69-A45B-F2DFC6931B10}.Debug|Any CPU.ActiveCfg = Debug|Any CPU
		{801B8E1A-C124-4A69-A45B-F2DFC6931B10}.Debug|Any CPU.Build.0 = Debug|Any CPU
		{801B8E1A-C124-4A69-A45B-F2DFC6931B10}.Release|Any CPU.ActiveCfg = Release|Any CPU
		{801B8E1A-C124-4A69-A45B-F2DFC6931B10}.Release|Any CPU.Build.0 = Release|Any CPU
		{C4C93363-60E2-45D0-B956-6AC35424D2C3}.Debug|Any CPU.ActiveCfg = Debug|Any CPU
		{C4C93363-60E2-45D0-B956-6AC35424D2C3}.Debug|Any CPU.Build.0 = Debug|Any CPU
		{C4C93363-60E2-45D0-B956-6AC35424D2C3}.Release|Any CPU.ActiveCfg = Release|Any CPU
		{C4C93363-60E2-45D0-B956-6AC35424D2C3}.Release|Any CPU.Build.0 = Release|Any CPU
	EndGlobalSection
	GlobalSection(SolutionProperties) = preSolution
		HideSolutionNode = FALSE
	EndGlobalSection
	GlobalSection(NestedProjects) = preSolution
		{C4C93363-60E2-45D0-B956-6AC35424D2C3} = {9495AA94-848F-4AFD-96E9-7A72BA5B1E31}
	EndGlobalSection
EndGlobal
